
Microsoft Visual Studio Solution File, Format Version 12.00
# Visual Studio Version 16
VisualStudioVersion = 16.0.31727.386
MinimumVisualStudioVersion = 10.0.40219.1
Project("{FAE04EC0-301F-11D3-BF4B-00C04F79EFBC}") = "gcs-lab411", "gcs-lab411\gcs-lab411.csproj", "{EF086480-E523-4650-B791-8E1329ECCB02}"
EndProject
Global
	GlobalSection(SolutionConfigurationPlatforms) = preSolution
		Debug|Any CPU = Debug|Any CPU
		Release|Any CPU = Release|Any CPU
	EndGlobalSection
	GlobalSection(ProjectConfigurationPlatforms) = postSolution
		{EF086480-E523-4650-B791-8E1329ECCB02}.Debug|Any CPU.ActiveCfg = Debug|Any CPU
		{EF086480-E523-4650-B791-8E1329ECCB02}.Debug|Any CPU.Build.0 = Debug|Any CPU
		{EF086480-E523-4650-B791-8E1329ECCB02}.Release|Any CPU.ActiveCfg = Release|Any CPU
		{EF086480-E523-4650-B791-8E1329ECCB02}.Release|Any CPU.Build.0 = Release|Any CPU
	EndGlobalSection
	GlobalSection(SolutionProperties) = preSolution
		HideSolutionNode = FALSE
	EndGlobalSection
	GlobalSection(ExtensibilityGlobals) = postSolution
		SolutionGuid = {BED47F09-0C05-4D64-9D58-FD13D1329300}
	EndGlobalSection
EndGlobal
